
Microsoft Visual Studio Solution File, Format Version 12.00
# Visual Studio Version 17
VisualStudioVersion = 17.9.34622.214
MinimumVisualStudioVersion = 10.0.40219.1
Project("{FAE04EC0-301F-11D3-BF4B-00C04F79EFBC}") = "STUDENT REGSTRATION FORM", "STUDENT REGSTRATION FORM.csproj", "{C8BE1AF5-CCF0-43D7-B62F-68DE117981B3}"
EndProject
Global
	GlobalSection(SolutionConfigurationPlatforms) = preSolution
		Debug|Any CPU = Debug|Any CPU
		Release|Any CPU = Release|Any CPU
	EndGlobalSection
	GlobalSection(ProjectConfigurationPlatforms) = postSolution
		{C8BE1AF5-CCF0-43D7-B62F-68DE117981B3}.Debug|Any CPU.ActiveCfg = Debug|Any CPU
		{C8BE1AF5-CCF0-43D7-B62F-68DE117981B3}.Debug|Any CPU.Build.0 = Debug|Any CPU
		{C8BE1AF5-CCF0-43D7-B62F-68DE117981B3}.Release|Any CPU.ActiveCfg = Release|Any CPU
		{C8BE1AF5-CCF0-43D7-B62F-68DE117981B3}.Release|Any CPU.Build.0 = Release|Any CPU
	EndGlobalSection
	GlobalSection(SolutionProperties) = preSolution
		HideSolutionNode = FALSE
	EndGlobalSection
	GlobalSection(ExtensibilityGlobals) = postSolution
		SolutionGuid = {3B6F3828-38E0-4FD8-8595-658E84FF6C5A}
	EndGlobalSection
EndGlobal
