
Microsoft Visual Studio Solution File, Format Version 12.00
# Visual Studio Version 17
VisualStudioVersion = 17.9.34622.214
MinimumVisualStudioVersion = 10.0.40219.1
Project("{FAE04EC0-301F-11D3-BF4B-00C04F79EFBC}") = "ListView Control", "ListView Control.csproj", "{7E638BC9-BFF0-4C9E-AEB5-4DB2F549C033}"
EndProject
Global
	GlobalSection(SolutionConfigurationPlatforms) = preSolution
		Debug|Any CPU = Debug|Any CPU
		Release|Any CPU = Release|Any CPU
	EndGlobalSection
	GlobalSection(ProjectConfigurationPlatforms) = postSolution
		{7E638BC9-BFF0-4C9E-AEB5-4DB2F549C033}.Debug|Any CPU.ActiveCfg = Debug|Any CPU
		{7E638BC9-BFF0-4C9E-AEB5-4DB2F549C033}.Debug|Any CPU.Build.0 = Debug|Any CPU
		{7E638BC9-BFF0-4C9E-AEB5-4DB2F549C033}.Release|Any CPU.ActiveCfg = Release|Any CPU
		{7E638BC9-BFF0-4C9E-AEB5-4DB2F549C033}.Release|Any CPU.Build.0 = Release|Any CPU
	EndGlobalSection
	GlobalSection(SolutionProperties) = preSolution
		HideSolutionNode = FALSE
	EndGlobalSection
	GlobalSection(ExtensibilityGlobals) = postSolution
		SolutionGuid = {2610DB8E-C585-4AEF-9704-20904098D5C8}
	EndGlobalSection
EndGlobal
